{
	"name": "@mongosh/i18n",
	"version": "0.0.0-dev.0",
	"lockfileVersion": 1,
	"requires": true,
	"dependencies": {
		"@types/mustache": {
			"version": "4.0.1",
			"resolved": "https://registry.npmjs.org/@types/mustache/-/mustache-4.0.1.tgz",
			"integrity": "sha512-wH6Tu9mbiOt0n5EvdoWy0VGQaJMHfLIxY/6wS0xLC7CV1taM6gESEzcYy0ZlWvxxiiljYvfDIvz4hHbUUDRlhw==",
			"dev": true
		},
		"mustache": {
			"version": "4.0.1",
			"resolved": "https://registry.npmjs.org/mustache/-/mustache-4.0.1.tgz",
			"integrity": "sha512-yL5VE97+OXn4+Er3THSmTdCFCtx5hHWzrolvH+JObZnUYwuaG7XV+Ch4fR2cIrcYI0tFHxS7iyFYl14bW8y2sA=="
		}
	}
}
