{
	"name": "@mongosh/cli-repl",
	"version": "0.0.0-dev.0",
	"lockfileVersion": 1,
	"requires": true,
	"dependencies": {
		"@segment/loosely-validate-event": {
			"version": "2.0.0",
			"resolved": "https://registry.npmjs.org/@segment/loosely-validate-event/-/loosely-validate-event-2.0.0.tgz",
			"integrity": "sha512-ZMCSfztDBqwotkl848ODgVcAmN4OItEWDCkshcKz0/W6gGSQayuuCtWV/MlodFivAZD793d6UgANd6wCXUfrIw==",
			"requires": {
				"component-type": "^1.2.1",
				"join-component": "^1.1.0"
			}
		},
		"@types/analytics-node": {
			"version": "3.1.3",
			"resolved": "https://registry.npmjs.org/@types/analytics-node/-/analytics-node-3.1.3.tgz",
			"integrity": "sha512-Yk299LUqnyJ6fNYQkLFd0yTfUwIvgfxH3f5WEX3ib0PC5T+mZgqcOPMDhNZ4AOD/A9tXKJQeBIb6KvgzuXflaQ==",
			"dev": true
		},
		"@types/ansi-escape-sequences": {
			"version": "4.0.0",
			"resolved": "https://registry.npmjs.org/@types/ansi-escape-sequences/-/ansi-escape-sequences-4.0.0.tgz",
			"integrity": "sha512-y9KJUf19SBowoaqhWdQNnErxFMNsKbuair2i3SGv5Su1ExLPAJz37iPXLHKIFQGYkHGxsSe45rNt8ZekXxJwUw==",
			"dev": true
		},
		"@types/chai": {
			"version": "4.2.14",
			"resolved": "https://registry.npmjs.org/@types/chai/-/chai-4.2.14.tgz",
			"integrity": "sha512-G+ITQPXkwTrslfG5L/BksmbLUA0M1iybEsmCWPqzSxsRRhJZimBKJkoMi8fr/CPygPTj4zO5pJH7I2/cm9M7SQ==",
			"dev": true
		},
		"@types/chai-as-promised": {
			"version": "7.1.3",
			"resolved": "https://registry.npmjs.org/@types/chai-as-promised/-/chai-as-promised-7.1.3.tgz",
			"integrity": "sha512-FQnh1ohPXJELpKhzjuDkPLR2BZCAqed+a6xV4MI/T3XzHfd2FlarfUGUdZYgqYe8oxkYn0fchHEeHfHqdZ96sg==",
			"dev": true,
			"requires": {
				"@types/chai": "*"
			}
		},
		"@types/lodash": {
			"version": "4.14.163",
			"resolved": "https://registry.npmjs.org/@types/lodash/-/lodash-4.14.163.tgz",
			"integrity": "sha512-BeZM/FZaV53emqyHxn9L39Oz6XbHMBRLA1b1quROku48J/1kYYxPmVOJ/qSQheb81on4BI7H6QDo6bkUuRaDNQ==",
			"dev": true
		},
		"@types/lodash.set": {
			"version": "4.3.6",
			"resolved": "https://registry.npmjs.org/@types/lodash.set/-/lodash.set-4.3.6.tgz",
			"integrity": "sha512-ZeGDDlnRYTvS31Laij0RsSaguIUSBTYIlJFKL3vm3T2OAZAQj2YpSvVWJc0WiG4jqg9fGX6PAPGvDqBcHfSgFg==",
			"dev": true,
			"requires": {
				"@types/lodash": "*"
			}
		},
		"@types/node": {
			"version": "14.14.6",
			"resolved": "https://registry.npmjs.org/@types/node/-/node-14.14.6.tgz",
			"integrity": "sha512-6QlRuqsQ/Ox/aJEQWBEJG7A9+u7oSYl3mem/K8IzxXG/kAGbV1YPD9Bg9Zw3vyxC/YP+zONKwy8hGkSt1jxFMw==",
			"dev": true
		},
		"@types/pino": {
			"version": "6.3.3",
			"resolved": "https://registry.npmjs.org/@types/pino/-/pino-6.3.3.tgz",
			"integrity": "sha512-YtT58N7Tt7B7f5B/upuq694p4eT4icM9TuhgYeKhm+dnF0Ahm7q5YJp1i7vC2mBMdWgH1IvOa2XK6rhUjBv0GQ==",
			"dev": true,
			"requires": {
				"@types/node": "*",
				"@types/pino-std-serializers": "*",
				"@types/sonic-boom": "*"
			}
		},
		"@types/pino-std-serializers": {
			"version": "2.4.1",
			"resolved": "https://registry.npmjs.org/@types/pino-std-serializers/-/pino-std-serializers-2.4.1.tgz",
			"integrity": "sha512-17XcksO47M24IVTVKPeAByWUd3Oez7EbIjXpSbzMPhXVzgjGtrOa49gKBwxH9hb8dKv58OelsWQ+A1G1l9S3wQ==",
			"dev": true,
			"requires": {
				"@types/node": "*"
			}
		},
		"@types/read": {
			"version": "0.0.28",
			"resolved": "https://registry.npmjs.org/@types/read/-/read-0.0.28.tgz",
			"integrity": "sha1-zQvkCbGSxhGfF+Z9Q09MbpQY8bU=",
			"dev": true
		},
		"@types/sonic-boom": {
			"version": "0.7.0",
			"resolved": "https://registry.npmjs.org/@types/sonic-boom/-/sonic-boom-0.7.0.tgz",
			"integrity": "sha512-AfqR0fZMoUXUNwusgXKxcE9DPlHNDHQp6nKYUd4PSRpLobF5CCevSpyTEBcVZreqaWKCnGBr9KI1fHMTttoB7A==",
			"dev": true,
			"requires": {
				"@types/node": "*"
			}
		},
		"@types/text-table": {
			"version": "0.2.1",
			"resolved": "https://registry.npmjs.org/@types/text-table/-/text-table-0.2.1.tgz",
			"integrity": "sha512-dchbFCWfVgUSWEvhOkXGS7zjm+K7jCUvGrQkAHPk2Fmslfofp4HQTH2pqnQ3Pw5GPYv0zWa2AQjKtsfZThuemQ==",
			"dev": true
		},
		"@types/yargs-parser": {
			"version": "15.0.0",
			"resolved": "https://registry.npmjs.org/@types/yargs-parser/-/yargs-parser-15.0.0.tgz",
			"integrity": "sha512-FA/BWv8t8ZWJ+gEOnLLd8ygxH/2UFbAvgEonyfN6yWGLKc7zVjbpl2Y4CTjid9h2RfgPP6SEt6uHwEOply00yw==",
			"dev": true
		},
		"acorn": {
			"version": "7.4.1",
			"resolved": "https://registry.npmjs.org/acorn/-/acorn-7.4.1.tgz",
			"integrity": "sha512-nQyp0o1/mNdbTO1PO6kHkwSrmgZ0MT/jCCpNiwbUjGoRN4dlBhqJtoQuCnEOKzgTVwg0ZWiCoQy6SxMebQVh8A=="
		},
		"acorn-class-fields": {
			"version": "0.3.7",
			"resolved": "https://registry.npmjs.org/acorn-class-fields/-/acorn-class-fields-0.3.7.tgz",
			"integrity": "sha512-jdUWSFce0fuADUljmExz4TWpPkxmRW/ZCPRqeeUzbGf0vFUcpQYbyq52l75qGd0oSwwtAepeL6hgb/naRgvcKQ==",
			"requires": {
				"acorn-private-class-elements": "^0.2.7"
			}
		},
		"acorn-numeric-separator": {
			"version": "0.3.6",
			"resolved": "https://registry.npmjs.org/acorn-numeric-separator/-/acorn-numeric-separator-0.3.6.tgz",
			"integrity": "sha512-jUr5esgChu4k7VzesH/Nww3EysuyGJJcTEEiXqILUFKpO96PNyEXmK21M6nE0TSqGA1PeEg1MzgqJaoFsn9JMw=="
		},
		"acorn-private-class-elements": {
			"version": "0.2.7",
			"resolved": "https://registry.npmjs.org/acorn-private-class-elements/-/acorn-private-class-elements-0.2.7.tgz",
			"integrity": "sha512-+GZH2wOKNZOBI4OOPmzpo4cs6mW297sn6fgIk1dUI08jGjhAaEwvC39mN2gJAg2lmAQJ1rBkFqKWonL3Zz6PVA=="
		},
		"acorn-private-methods": {
			"version": "0.3.3",
			"resolved": "https://registry.npmjs.org/acorn-private-methods/-/acorn-private-methods-0.3.3.tgz",
			"integrity": "sha512-46oeEol3YFvLSah5m9hGMlNpxDBCEkdceJgf01AjqKYTK9r6HexKs2rgSbLK81pYjZZMonhftuUReGMlbbv05w==",
			"requires": {
				"acorn-private-class-elements": "^0.2.7"
			}
		},
		"acorn-static-class-features": {
			"version": "0.2.4",
			"resolved": "https://registry.npmjs.org/acorn-static-class-features/-/acorn-static-class-features-0.2.4.tgz",
			"integrity": "sha512-5X4mpYq5J3pdndLmIB0+WtFd/mKWnNYpuTlTzj32wUu/PMmEGOiayQ5UrqgwdBNiaZBtDDh5kddpP7Yg2QaQYA==",
			"requires": {
				"acorn-private-class-elements": "^0.2.7"
			}
		},
		"analytics-node": {
			"version": "3.4.0-beta.1",
			"resolved": "https://registry.npmjs.org/analytics-node/-/analytics-node-3.4.0-beta.1.tgz",
			"integrity": "sha512-+0F/y4Asc5S2qhWcYss+iCob6TTXQktwbqlIk02gcZaRxpekCbnTbJu/rcaRooVHxqp9WSzUXiWCesJYPJETZQ==",
			"requires": {
				"@segment/loosely-validate-event": "^2.0.0",
				"axios": "^0.18.1",
				"axios-retry": "^3.0.2",
				"lodash.isstring": "^4.0.1",
				"md5": "^2.2.1",
				"ms": "^2.0.0",
				"remove-trailing-slash": "^0.1.0",
				"uuid": "^3.2.1"
			},
			"dependencies": {
				"uuid": {
					"version": "3.4.0",
					"resolved": "https://registry.npmjs.org/uuid/-/uuid-3.4.0.tgz",
					"integrity": "sha512-HjSDRw6gZE5JMggctHBcjVak08+KEVhSIiDzFnT9S9aegmp85S/bReBVTb4QTFaRNptJ9kuYaNhnbNEOkbKb/A=="
				}
			}
		},
		"ansi": {
			"version": "0.3.1",
			"resolved": "https://registry.npmjs.org/ansi/-/ansi-0.3.1.tgz",
			"integrity": "sha1-DELU+xcWDVqa8eSEus4cZpIsGyE="
		},
		"ansi-escape-sequences": {
			"version": "5.1.2",
			"resolved": "https://registry.npmjs.org/ansi-escape-sequences/-/ansi-escape-sequences-5.1.2.tgz",
			"integrity": "sha512-JcpoVp1W1bl1Qn4cVuiXEhD6+dyXKSOgCn2zlzE8inYgCJCBy1aPnUhlz6I4DFum8D4ovb9Qi/iAjUcGvG2lqw==",
			"requires": {
				"array-back": "^4.0.0"
			}
		},
		"ansi-regex": {
			"version": "5.0.0",
			"resolved": "https://registry.npmjs.org/ansi-regex/-/ansi-regex-5.0.0.tgz",
			"integrity": "sha512-bY6fj56OUQ0hU1KjFNDQuJFezqKdrAyFdIevADiqrWHwSlbmBNMHp5ak2f40Pm8JTFyM2mqxkG6ngkHO11f/lg=="
		},
		"ansi-styles": {
			"version": "4.3.0",
			"resolved": "https://registry.npmjs.org/ansi-styles/-/ansi-styles-4.3.0.tgz",
			"integrity": "sha512-zbB9rCJAT1rbjiVDb2hqKFHNYLxgtk8NURxZ3IZwD3F6NtxbXZQCnnSi1Lkx+IDohdPlFp222wVALIheZJQSEg==",
			"requires": {
				"color-convert": "^2.0.1"
			}
		},
		"array-back": {
			"version": "4.0.1",
			"resolved": "https://registry.npmjs.org/array-back/-/array-back-4.0.1.tgz",
			"integrity": "sha512-Z/JnaVEXv+A9xabHzN43FiiiWEE7gPCRXMrVmRm00tWbjZRul1iHm7ECzlyNq1p4a4ATXz+G9FJ3GqGOkOV3fg=="
		},
		"askpassword": {
			"version": "1.2.3",
			"resolved": "https://registry.npmjs.org/askpassword/-/askpassword-1.2.3.tgz",
			"integrity": "sha512-R2fHjGM1mxluwvUDUxedwlTzSVT5Y9spwZr0xxL5Dg+OOXi5JTL9Z7vxM7tHkhRiP9b1el3JO4BLhqbDkRp4ow=="
		},
		"atomic-sleep": {
			"version": "1.0.0",
			"resolved": "https://registry.npmjs.org/atomic-sleep/-/atomic-sleep-1.0.0.tgz",
			"integrity": "sha512-kNOjDqAh7px0XWNI+4QbzoiR/nTkHAWNud2uvnJquD1/x5a7EQZMJT0AczqK0Qn67oY/TTQ1LbUKajZpp3I9tQ=="
		},
		"axios": {
			"version": "0.18.1",
			"resolved": "https://registry.npmjs.org/axios/-/axios-0.18.1.tgz",
			"integrity": "sha512-0BfJq4NSfQXd+SkFdrvFbG7addhYSBA2mQwISr46pD6E5iqkWg02RAs8vyTT/j0RTnoYmeXauBuSv1qKwR179g==",
			"requires": {
				"follow-redirects": "1.5.10",
				"is-buffer": "^2.0.2"
			}
		},
		"axios-retry": {
			"version": "3.1.5",
			"resolved": "https://registry.npmjs.org/axios-retry/-/axios-retry-3.1.5.tgz",
			"integrity": "sha512-8OImX5nk7RAAexnSAI3mI1DyHi+ukpQnZhhjcq5odTBPD0/BjHS4pdcst4fNAREThck5psQtMzDvKbRwCZX5Qg==",
			"requires": {
				"is-retry-allowed": "^1.1.0"
			}
		},
		"bindings": {
			"version": "1.5.0",
			"resolved": "https://registry.npmjs.org/bindings/-/bindings-1.5.0.tgz",
			"integrity": "sha512-p2q/t/mhvuOj/UeLlV6566GD/guowlr0hHxClI0W9m7MWYkL1F0hLo+0Aexs9HSPCtR1SXQ0TD3MMKrXZajbiQ==",
			"optional": true,
			"requires": {
				"file-uri-to-path": "1.0.0"
			}
		},
		"chai-as-promised": {
			"version": "7.1.1",
			"resolved": "https://registry.npmjs.org/chai-as-promised/-/chai-as-promised-7.1.1.tgz",
			"integrity": "sha512-azL6xMoi+uxu6z4rhWQ1jbdUhOMhis2PvscD/xjLqNMkv3BPPp2JyyuTHOrf9BOosGpNQ11v6BKv/g57RXbiaA==",
			"dev": true,
			"requires": {
				"check-error": "^1.0.2"
			}
		},
		"chalk": {
			"version": "4.1.0",
			"resolved": "https://registry.npmjs.org/chalk/-/chalk-4.1.0.tgz",
			"integrity": "sha512-qwx12AxXe2Q5xQ43Ac//I6v5aXTipYrSESdOgzrN+9XjgEpyjpKuvSGaN4qE93f7TQTlerQQ8S+EQ0EyDoVL1A==",
			"requires": {
				"ansi-styles": "^4.1.0",
				"supports-color": "^7.1.0"
			}
		},
		"charenc": {
			"version": "0.0.2",
			"resolved": "https://registry.npmjs.org/charenc/-/charenc-0.0.2.tgz",
			"integrity": "sha1-wKHS86cJLgN3S/qD8UwPxXkKhmc="
		},
		"check-error": {
			"version": "1.0.2",
			"resolved": "https://registry.npmjs.org/check-error/-/check-error-1.0.2.tgz",
			"integrity": "sha1-V00xLt2Iu13YkS6Sht1sCu1KrII=",
			"dev": true
		},
		"color-convert": {
			"version": "2.0.1",
			"resolved": "https://registry.npmjs.org/color-convert/-/color-convert-2.0.1.tgz",
			"integrity": "sha512-RRECPsj7iu/xb5oKYcsFHSppFNnsj/52OVTRKb4zP5onXwVF3zVmmToNcOfGC+CRDpfK/U584fMg38ZHCaElKQ==",
			"requires": {
				"color-name": "~1.1.4"
			}
		},
		"color-name": {
			"version": "1.1.4",
			"resolved": "https://registry.npmjs.org/color-name/-/color-name-1.1.4.tgz",
			"integrity": "sha512-dOy+3AuW3a2wNbZHIuMZpTcgjGuLU/uBL/ubcZF9OXbDo8ff4O8yVp5Bf0efS8uEoYo5q4Fx7dY9OgQGXgAsQA=="
		},
		"component-type": {
			"version": "1.2.1",
			"resolved": "https://registry.npmjs.org/component-type/-/component-type-1.2.1.tgz",
			"integrity": "sha1-ikeQFwAjjk/DIml3EjAibyS0Fak="
		},
		"crypt": {
			"version": "0.0.2",
			"resolved": "https://registry.npmjs.org/crypt/-/crypt-0.0.2.tgz",
			"integrity": "sha1-iNf/fsDfuG9xPch7u0LQRNPmxBs="
		},
		"debug": {
			"version": "3.1.0",
			"resolved": "https://registry.npmjs.org/debug/-/debug-3.1.0.tgz",
			"integrity": "sha512-OX8XqP7/1a9cqkxYw2yXss15f26NKWBpDXQd0/uK/KPqdQhxbPa994hnzjcE2VqQpDslf55723cKPUOGSmMY3g==",
			"requires": {
				"ms": "2.0.0"
			},
			"dependencies": {
				"ms": {
					"version": "2.0.0",
					"resolved": "https://registry.npmjs.org/ms/-/ms-2.0.0.tgz",
					"integrity": "sha1-VgiurfwAvmwpAd9fmGF4jeDVl8g="
				}
			}
		},
		"emphasize": {
			"version": "3.0.0",
			"resolved": "https://registry.npmjs.org/emphasize/-/emphasize-3.0.0.tgz",
			"integrity": "sha512-xhtAWvxdkxsQbcCLGVjlfB7cQ4bWSPYXeaGDwK5Bl7n2y/9R+MVK5UNBTmZ9N8m/YShsiyGgQBgFGcjOWCWXHQ==",
			"requires": {
				"chalk": "^3.0.0",
				"highlight.js": "~9.12.0",
				"lowlight": "~1.9.0"
			},
			"dependencies": {
				"chalk": {
					"version": "3.0.0",
					"resolved": "https://registry.npmjs.org/chalk/-/chalk-3.0.0.tgz",
					"integrity": "sha512-4D3B6Wf41KOYRFdszmDqMCGq5VV/uMAB273JILmO+3jAlh8X4qDtdtgCR3fxtbLEMzSx22QdhnDcJvu2u1fVwg==",
					"requires": {
						"ansi-styles": "^4.1.0",
						"supports-color": "^7.1.0"
					}
				}
			}
		},
		"fast-redact": {
			"version": "2.0.0",
			"resolved": "https://registry.npmjs.org/fast-redact/-/fast-redact-2.0.0.tgz",
			"integrity": "sha512-zxpkULI9W9MNTK2sJ3BpPQrTEXFNESd2X6O1tXMFpK/XM0G5c5Rll2EVYZH2TqI3xRGK/VaJ+eEOt7pnENJpeA=="
		},
		"fast-safe-stringify": {
			"version": "2.0.7",
			"resolved": "https://registry.npmjs.org/fast-safe-stringify/-/fast-safe-stringify-2.0.7.tgz",
			"integrity": "sha512-Utm6CdzT+6xsDk2m8S6uL8VHxNwI6Jub+e9NYTcAms28T84pTa25GJQV9j0CY0N1rM8hK4x6grpF2BQf+2qwVA=="
		},
		"fault": {
			"version": "1.0.4",
			"resolved": "https://registry.npmjs.org/fault/-/fault-1.0.4.tgz",
			"integrity": "sha512-CJ0HCB5tL5fYTEA7ToAq5+kTwd++Borf1/bifxd9iT70QcXr4MRrO3Llf8Ifs70q+SJcGHFtnIE/Nw6giCtECA==",
			"requires": {
				"format": "^0.2.0"
			}
		},
		"file-uri-to-path": {
			"version": "1.0.0",
			"resolved": "https://registry.npmjs.org/file-uri-to-path/-/file-uri-to-path-1.0.0.tgz",
			"integrity": "sha512-0Zt+s3L7Vf1biwWZ29aARiVYLx7iMGnEUl9x33fbB/j3jR81u/O2LbqK+Bm1CDSNDKVtJ/YjwY7TUd5SkeLQLw==",
			"optional": true
		},
		"flatstr": {
			"version": "1.0.12",
			"resolved": "https://registry.npmjs.org/flatstr/-/flatstr-1.0.12.tgz",
			"integrity": "sha512-4zPxDyhCyiN2wIAtSLI6gc82/EjqZc1onI4Mz/l0pWrAlsSfYH/2ZIcU+e3oA2wDwbzIWNKwa23F8rh6+DRWkw=="
		},
		"follow-redirects": {
			"version": "1.5.10",
			"resolved": "https://registry.npmjs.org/follow-redirects/-/follow-redirects-1.5.10.tgz",
			"integrity": "sha512-0V5l4Cizzvqt5D44aTXbFZz+FtyXV1vrDN6qrelxtfYQKW0KO0W2T/hkE8xvGa/540LkZlkaUjO4ailYTFtHVQ==",
			"requires": {
				"debug": "=3.1.0"
			}
		},
		"format": {
			"version": "0.2.2",
			"resolved": "https://registry.npmjs.org/format/-/format-0.2.2.tgz",
			"integrity": "sha1-1hcBB+nv3E7TDJ3DkBbflCtctYs="
		},
		"has-flag": {
			"version": "4.0.0",
			"resolved": "https://registry.npmjs.org/has-flag/-/has-flag-4.0.0.tgz",
			"integrity": "sha512-EykJT/Q1KjTWctppgIAgfSO0tKVuZUjhgMr17kqTumMl6Afv3EISleU7qZUzoXDFTAHTDC4NOoG/ZxU3EvlMPQ=="
		},
		"highlight.js": {
			"version": "9.12.0",
			"resolved": "https://registry.npmjs.org/highlight.js/-/highlight.js-9.12.0.tgz",
			"integrity": "sha1-5tnb5Xy+/mB1HwKvM2GVhwyQwB4="
		},
		"is-buffer": {
			"version": "2.0.4",
			"resolved": "https://registry.npmjs.org/is-buffer/-/is-buffer-2.0.4.tgz",
			"integrity": "sha512-Kq1rokWXOPXWuaMAqZiJW4XxsmD9zGx9q4aePabbn3qCRGedtH7Cm+zV8WETitMfu1wdh+Rvd6w5egwSngUX2A=="
		},
		"is-recoverable-error": {
			"version": "1.0.2",
			"resolved": "https://registry.npmjs.org/is-recoverable-error/-/is-recoverable-error-1.0.2.tgz",
			"integrity": "sha512-b/xWWfNO7o+EIVEVy1hYOYP1t1Jbyr5LyVf/Ao6gqeMMLNV8wz8qCDWCXqxaQjbHkg22lSclqE6qhjn4cJVeTA==",
			"requires": {
				"acorn": "^7.1.1",
				"acorn-class-fields": "^0.3.2",
				"acorn-numeric-separator": "^0.3.1",
				"acorn-private-methods": "^0.3.1",
				"acorn-static-class-features": "^0.2.1"
			}
		},
		"is-retry-allowed": {
			"version": "1.2.0",
			"resolved": "https://registry.npmjs.org/is-retry-allowed/-/is-retry-allowed-1.2.0.tgz",
			"integrity": "sha512-RUbUeKwvm3XG2VYamhJL1xFktgjvPzL0Hq8C+6yrWIswDy3BIXGqCxhxkc30N9jqK311gVU137K8Ei55/zVJRg=="
		},
		"join-component": {
			"version": "1.1.0",
			"resolved": "https://registry.npmjs.org/join-component/-/join-component-1.1.0.tgz",
			"integrity": "sha1-uEF7dQZho5K+4sJTfGiyqdSXfNU="
		},
		"lodash": {
			"version": "4.17.21",
			"resolved": "https://registry.npmjs.org/lodash/-/lodash-4.17.21.tgz",
			"integrity": "sha512-v2kDEe57lecTulaDIuNTPy3Ry4gLGJ6Z1O3vE1krgXZNrsQ+LFTGHVxVjcXPs17LhbZVGedAJv8XZ1tvj5FvSg=="
		},
		"lodash.isstring": {
			"version": "4.0.1",
			"resolved": "https://registry.npmjs.org/lodash.isstring/-/lodash.isstring-4.0.1.tgz",
			"integrity": "sha1-1SfftUVuynzJu5XV2ur4i6VKVFE="
		},
		"lodash.set": {
			"version": "4.3.2",
			"resolved": "https://registry.npmjs.org/lodash.set/-/lodash.set-4.3.2.tgz",
			"integrity": "sha1-2HV7HagH3eJIFrDWqEvqGnYjCyM="
		},
		"lowlight": {
			"version": "1.9.2",
			"resolved": "https://registry.npmjs.org/lowlight/-/lowlight-1.9.2.tgz",
			"integrity": "sha512-Ek18ElVCf/wF/jEm1b92gTnigh94CtBNWiZ2ad+vTgW7cTmQxUY3I98BjHK68gZAJEWmybGBZgx9qv3QxLQB/Q==",
			"requires": {
				"fault": "^1.0.2",
				"highlight.js": "~9.12.0"
			}
		},
		"macos-export-certificate-and-key": {
			"version": "1.0.0",
			"resolved": "https://registry.npmjs.org/macos-export-certificate-and-key/-/macos-export-certificate-and-key-1.0.0.tgz",
			"integrity": "sha512-DUzj2vwFYYOhN5LzHGb0GVfwBjvl2IcXr1tWs7OXSQhdp0klh8muZIVfEARBkWJm4qYszG+JGtZ9jiqZ7+jbOA==",
			"optional": true,
			"requires": {
				"bindings": "^1.5.0",
				"node-addon-api": "^1.1.0"
			},
			"dependencies": {
				"node-addon-api": {
					"version": "1.7.2",
					"resolved": "https://registry.npmjs.org/node-addon-api/-/node-addon-api-1.7.2.tgz",
					"integrity": "sha512-ibPK3iA+vaY1eEjESkQkM0BbCqFOaZMiXRTtdB0u7b4djtY6JnsjvPdUHVMg6xQt3B8fpTTWHI9A+ADjM9frzg==",
					"optional": true
				}
			}
		},
		"md5": {
			"version": "2.2.1",
			"resolved": "https://registry.npmjs.org/md5/-/md5-2.2.1.tgz",
			"integrity": "sha1-U6s41f48iJG6RlMp6iP6wFQBJvk=",
			"requires": {
				"charenc": "~0.0.1",
				"crypt": "~0.0.1",
				"is-buffer": "~1.1.1"
			},
			"dependencies": {
				"is-buffer": {
					"version": "1.1.6",
					"resolved": "https://registry.npmjs.org/is-buffer/-/is-buffer-1.1.6.tgz",
					"integrity": "sha512-NcdALwpXkTm5Zvvbk7owOUSvVvBKDgKP5/ewfXEznmQFfs4ZRmanOeKBTjRVjka3QFoN6XJ+9F3USqfHqTaU5w=="
				}
			}
		},
		"moment": {
			"version": "2.29.1",
			"resolved": "https://registry.npmjs.org/moment/-/moment-2.29.1.tgz",
			"integrity": "sha512-kHmoybcPV8Sqy59DwNDY3Jefr64lK/by/da0ViFcuA4DH0vQg5Q6Ze5VimxkfQNSC+Mls/Kx53s7TjP1RhFEDQ==",
			"dev": true
		},
		"mongodb-ace-autocompleter": {
			"version": "0.4.8",
			"resolved": "https://registry.npmjs.org/mongodb-ace-autocompleter/-/mongodb-ace-autocompleter-0.4.8.tgz",
			"integrity": "sha512-OMDiHtrMt5z7RxQKZKl4kLJqUDbe0xTUSBQT0r+DNHKzsQoyk5RlUK6jsMWmFYn1ADFGGAejVJWbcnlG4WGH8w==",
			"requires": {
				"semver": "^7.1.1"
			}
		},
		"mongodb-build-info": {
			"version": "1.1.0",
			"resolved": "https://registry.npmjs.org/mongodb-build-info/-/mongodb-build-info-1.1.0.tgz",
			"integrity": "sha512-ZlbQlpXv8DCvYK2I6UmyRO4z9zb4fyoph+RhEN/MSSsigaqcfl6dePkbgavemquvuKVEq0BbIiVkHw1DKwChxA=="
		},
		"mongodb-redact": {
			"version": "0.2.2",
			"resolved": "https://registry.npmjs.org/mongodb-redact/-/mongodb-redact-0.2.2.tgz",
			"integrity": "sha512-tmgDpSBymFtKggsLzpa0vDYaqh2wEXOswBZtJkXvbPKP0ThfPwoFYXtOukactU6WZsC4RYmpSPM4P6582FR/Xw==",
			"requires": {
				"lodash": "^4.17.15"
			}
		},
		"ms": {
			"version": "2.1.2",
			"resolved": "https://registry.npmjs.org/ms/-/ms-2.1.2.tgz",
			"integrity": "sha512-sGkPx+VjMtmA6MX27oA4FBFELFCZZ4S4XqeGOXCv68tT+jb3vk/RyaKWP0PTKyWtmLSM0b+adUTEvbs1PEaH2w=="
		},
		"nanoassert": {
			"version": "1.1.0",
			"resolved": "https://registry.npmjs.org/nanoassert/-/nanoassert-1.1.0.tgz",
			"integrity": "sha1-TzFS4JVA/eKMdvRLGbvNHVpCR40="
		},
		"nanobus": {
			"version": "4.4.0",
			"resolved": "https://registry.npmjs.org/nanobus/-/nanobus-4.4.0.tgz",
			"integrity": "sha512-Hv9USGyH8EsPy0o8pPWE7x3YRIfuZDgMBirzjU6XLebhiSK2g53JlfqgolD0c39ne6wXAfaBNcIAvYe22Bav+Q==",
			"requires": {
				"nanoassert": "^1.1.0",
				"nanotiming": "^7.2.0",
				"remove-array-items": "^1.0.0"
			}
		},
		"nanoscheduler": {
			"version": "1.0.3",
			"resolved": "https://registry.npmjs.org/nanoscheduler/-/nanoscheduler-1.0.3.tgz",
			"integrity": "sha512-jBbrF3qdU9321r8n9X7yu18DjP31Do2ItJm3mWrt90wJTrnDO+HXpoV7ftaUglAtjgj9s+OaCxGufbvx6pvbEQ==",
			"requires": {
				"nanoassert": "^1.1.0"
			}
		},
		"nanotiming": {
			"version": "7.3.1",
			"resolved": "https://registry.npmjs.org/nanotiming/-/nanotiming-7.3.1.tgz",
			"integrity": "sha512-l3lC7v/PfOuRWQa8vV29Jo6TG10wHtnthLElFXs4Te4Aas57Fo4n1Q8LH9n+NDh9riOzTVvb2QNBhTS4JUKNjw==",
			"requires": {
				"nanoassert": "^1.1.0",
				"nanoscheduler": "^1.0.2"
			}
		},
		"node-addon-api": {
			"version": "3.1.0",
			"resolved": "https://registry.npmjs.org/node-addon-api/-/node-addon-api-3.1.0.tgz",
			"integrity": "sha512-flmrDNB06LIl5lywUz7YlNGZH/5p0M7W28k8hzd9Lshtdh1wshD2Y+U4h9LD6KObOy1f+fEVdgprPrEymjM5uw==",
			"optional": true
		},
		"pino": {
			"version": "5.17.0",
			"resolved": "https://registry.npmjs.org/pino/-/pino-5.17.0.tgz",
			"integrity": "sha512-LqrqmRcJz8etUjyV0ddqB6OTUutCgQULPFg2b4dtijRHUsucaAdBgSUW58vY6RFSX+NT8963F+q0tM6lNwGShA==",
			"requires": {
				"fast-redact": "^2.0.0",
				"fast-safe-stringify": "^2.0.7",
				"flatstr": "^1.0.12",
				"pino-std-serializers": "^2.4.2",
				"quick-format-unescaped": "^3.0.3",
				"sonic-boom": "^0.7.5"
			}
		},
		"pino-std-serializers": {
			"version": "2.4.2",
			"resolved": "https://registry.npmjs.org/pino-std-serializers/-/pino-std-serializers-2.4.2.tgz",
			"integrity": "sha512-WaL504dO8eGs+vrK+j4BuQQq6GLKeCCcHaMB2ItygzVURcL1CycwNEUHTD/lHFHs/NL5qAz2UKrjYWXKSf4aMQ=="
		},
		"pretty-bytes": {
			"version": "5.3.0",
			"resolved": "https://registry.npmjs.org/pretty-bytes/-/pretty-bytes-5.3.0.tgz",
			"integrity": "sha512-hjGrh+P926p4R4WbaB6OckyRtO0F0/lQBiT+0gnxjV+5kjPBrfVBFCsCLbMqVQeydvIoouYTCmmEURiH3R1Bdg=="
		},
		"pretty-repl": {
			"version": "2.4.0",
			"resolved": "https://registry.npmjs.org/pretty-repl/-/pretty-repl-2.4.0.tgz",
			"integrity": "sha512-yUgK2JqipMjtCpiohGLiU2XBX+n/SbgDeHf+s7v+9PkQ4xV5poNV/zHVUA9BB+/q7+bD/grgoXHmdD7jpKPVtg==",
			"requires": {
				"ansi": "^0.3.1",
				"chalk": "^4.0.0",
				"emphasize": "^3.0.0",
				"semver": "^7.2.2"
			}
		},
		"quick-format-unescaped": {
			"version": "3.0.3",
			"resolved": "https://registry.npmjs.org/quick-format-unescaped/-/quick-format-unescaped-3.0.3.tgz",
			"integrity": "sha512-dy1yjycmn9blucmJLXOfZDx1ikZJUi6E8bBZLnhPG5gBrVhHXx2xVyqqgKBubVNEXmx51dBACMHpoMQK/N/AXQ=="
		},
		"remove-array-items": {
			"version": "1.1.1",
			"resolved": "https://registry.npmjs.org/remove-array-items/-/remove-array-items-1.1.1.tgz",
			"integrity": "sha512-MXW/jtHyl5F1PZI7NbpS8SOtympdLuF20aoWJT5lELR1p/HJDd5nqW8Eu9uLh/hCRY3FgvrIT5AwDCgBODklcA=="
		},
		"remove-trailing-slash": {
			"version": "0.1.0",
			"resolved": "https://registry.npmjs.org/remove-trailing-slash/-/remove-trailing-slash-0.1.0.tgz",
			"integrity": "sha1-FJjl3wmEwn5Jt26/Boh8otARUNI="
		},
		"semver": {
			"version": "7.3.2",
			"resolved": "https://registry.npmjs.org/semver/-/semver-7.3.2.tgz",
			"integrity": "sha512-OrOb32TeeambH6UrhtShmF7CRDqhL6/5XpPNp2DuRH6+9QLw/orhp72j87v8Qa1ScDkvrrBNpZcDejAirJmfXQ=="
		},
		"sonic-boom": {
			"version": "0.7.7",
			"resolved": "https://registry.npmjs.org/sonic-boom/-/sonic-boom-0.7.7.tgz",
			"integrity": "sha512-Ei5YOo5J64GKClHIL/5evJPgASXFVpfVYbJV9PILZQytTK6/LCwHvsZJW2Ig4p9FMC2OrBrMnXKgRN/OEoAWfg==",
			"requires": {
				"atomic-sleep": "^1.0.0",
				"flatstr": "^1.0.12"
			}
		},
		"strip-ansi": {
			"version": "6.0.0",
			"resolved": "https://registry.npmjs.org/strip-ansi/-/strip-ansi-6.0.0.tgz",
			"integrity": "sha512-AuvKTrTfQNYNIctbR1K/YGTR1756GycPsg7b9bdV9Duqur4gv6aKqHXah67Z8ImS7WEz5QVcOtlfW2rZEugt6w==",
			"requires": {
				"ansi-regex": "^5.0.0"
			}
		},
		"supports-color": {
			"version": "7.2.0",
			"resolved": "https://registry.npmjs.org/supports-color/-/supports-color-7.2.0.tgz",
			"integrity": "sha512-qpCAvRl9stuOHveKsn7HncJRvv501qIacKzQlO/+Lwxc9+0q2wLyv4Dfvt80/DPn2pqOBsJdDiogXGR9+OvwRw==",
			"requires": {
				"has-flag": "^4.0.0"
			}
		},
		"text-table": {
			"version": "0.2.0",
			"resolved": "https://registry.npmjs.org/text-table/-/text-table-0.2.0.tgz",
			"integrity": "sha1-f17oI66AUgfACvLfSoTsP8+lcLQ="
		},
		"win-export-certificate-and-key": {
			"version": "1.0.2",
			"resolved": "https://registry.npmjs.org/win-export-certificate-and-key/-/win-export-certificate-and-key-1.0.2.tgz",
			"integrity": "sha512-BEKepaZQWM22z1Rlx62eMwfeCPp2+y+TuLFKCS8jygPlzP55SOP4NMUFGVjveHkByIgPmjqR5tI+aKg8Vw5D4Q==",
			"optional": true,
			"requires": {
				"bindings": "^1.5.0",
				"node-addon-api": "^3.1.0"
			}
		},
		"yargs-parser": {
			"version": "20.2.4",
			"resolved": "https://registry.npmjs.org/yargs-parser/-/yargs-parser-20.2.4.tgz",
			"integrity": "sha512-WOkpgNhPTlE73h4VFAFsOnomJVaovO8VqLDzy5saChRBFQFBoMYirowyW+Q9HB4HFF4Z7VZTiG3iSzJJA29yRA=="
		}
	}
}
