{
	"name": "@mongosh/history",
	"version": "0.0.0-dev.0",
	"lockfileVersion": 1,
	"requires": true,
	"dependencies": {
		"lodash": {
			"version": "4.17.20",
			"resolved": "https://registry.npmjs.org/lodash/-/lodash-4.17.20.tgz",
			"integrity": "sha512-PlhdFcillOINfeV7Ni6oF1TAEayyZBoZ8bcshTHqOYJYlrqzRK5hagpagky5o4HfCzzd1TRkXPMFq6cKk9rGmA=="
		},
		"mongodb-redact": {
			"version": "0.2.2",
			"resolved": "https://registry.npmjs.org/mongodb-redact/-/mongodb-redact-0.2.2.tgz",
			"integrity": "sha512-tmgDpSBymFtKggsLzpa0vDYaqh2wEXOswBZtJkXvbPKP0ThfPwoFYXtOukactU6WZsC4RYmpSPM4P6582FR/Xw==",
			"requires": {
				"lodash": "^4.17.15"
			}
		}
	}
}
